
Microsoft Visual Studio Solution File, Format Version 12.00
# Visual Studio Version 17
VisualStudioVersion = 17.3.32929.385
MinimumVisualStudioVersion = 10.0.40219.1
Project("{FAE04EC0-301F-11D3-BF4B-00C04F79EFBC}") = "LeaveManagement.Web", "LeaveManagement.Web\LeaveManagement.Web.csproj", "{AC828CD5-BA51-4FF2-AC42-377C86C61A1C}"
EndProject
Global
	GlobalSection(SolutionConfigurationPlatforms) = preSolution
		Debug|Any CPU = Debug|Any CPU
		Release|Any CPU = Release|Any CPU
	EndGlobalSection
	GlobalSection(ProjectConfigurationPlatforms) = postSolution
		{AC828CD5-BA51-4FF2-AC42-377C86C61A1C}.Debug|Any CPU.ActiveCfg = Debug|Any CPU
		{AC828CD5-BA51-4FF2-AC42-377C86C61A1C}.Debug|Any CPU.Build.0 = Debug|Any CPU
		{AC828CD5-BA51-4FF2-AC42-377C86C61A1C}.Release|Any CPU.ActiveCfg = Release|Any CPU
		{AC828CD5-BA51-4FF2-AC42-377C86C61A1C}.Release|Any CPU.Build.0 = Release|Any CPU
	EndGlobalSection
	GlobalSection(SolutionProperties) = preSolution
		HideSolutionNode = FALSE
	EndGlobalSection
	GlobalSection(ExtensibilityGlobals) = postSolution
		SolutionGuid = {8BD3DDB0-27A2-4AA9-B59A-2B12EAB59415}
	EndGlobalSection
EndGlobal
