
Microsoft Visual Studio Solution File, Format Version 12.00
# Visual Studio Version 17
VisualStudioVersion = 17.3.32929.385
MinimumVisualStudioVersion = 10.0.40219.1
Project("{9A19103F-16F7-4668-BE54-9A1E7A4F7556}") = "LeaveManagement.Web", "LeaveManagement.Web\LeaveManagement.Web.csproj", "{AC828CD5-BA51-4FF2-AC42-377C86C61A1C}"
EndProject
Project("{2150E333-8FDC-42A3-9474-1A3956D46DE8}") = "Solution Items", "Solution Items", "{31FC0FEC-C758-4C2E-B9D6-DC9BF8A6E6EF}"
	ProjectSection(SolutionItems) = preProject
		.editorconfig = .editorconfig
	EndProjectSection
EndProject
Global
	GlobalSection(SolutionConfigurationPlatforms) = preSolution
		Debug|Any CPU = Debug|Any CPU
		Release|Any CPU = Release|Any CPU
	EndGlobalSection
	GlobalSection(ProjectConfigurationPlatforms) = postSolution
		{AC828CD5-BA51-4FF2-AC42-377C86C61A1C}.Debug|Any CPU.ActiveCfg = Debug|Any CPU
		{AC828CD5-BA51-4FF2-AC42-377C86C61A1C}.Debug|Any CPU.Build.0 = Debug|Any CPU
		{AC828CD5-BA51-4FF2-AC42-377C86C61A1C}.Release|Any CPU.ActiveCfg = Release|Any CPU
		{AC828CD5-BA51-4FF2-AC42-377C86C61A1C}.Release|Any CPU.Build.0 = Release|Any CPU
	EndGlobalSection
	GlobalSection(SolutionProperties) = preSolution
		HideSolutionNode = FALSE
	EndGlobalSection
	GlobalSection(ExtensibilityGlobals) = postSolution
		SolutionGuid = {8BD3DDB0-27A2-4AA9-B59A-2B12EAB59415}
	EndGlobalSection
EndGlobal
